
Microsoft Visual Studio Solution File, Format Version 12.00
# Visual Studio Version 16
VisualStudioVersion = 16.0.810.6
MinimumVisualStudioVersion = 10.0.40219.1
Project("{FAE04EC0-301F-11D3-BF4B-00C04F79EFBC}") = "webappdemo.Server", "webappdemo\Server\webappdemo.Server.csproj", "{5F9AB255-DDA8-4E2A-95EB-300D28F18A9A}"
EndProject
Project("{FAE04EC0-301F-11D3-BF4B-00C04F79EFBC}") = "webappdemo.Client", "webappdemo\Client\webappdemo.Client.csproj", "{D515548C-639F-4268-87C8-B9ED1BC42EDF}"
EndProject
Project("{FAE04EC0-301F-11D3-BF4B-00C04F79EFBC}") = "webappdemo.Shared", "webappdemo\Shared\webappdemo.Shared.csproj", "{BF6E86F1-386A-417D-BD1D-B92085778094}"
EndProject
Global
	GlobalSection(SolutionConfigurationPlatforms) = preSolution
		Debug|Any CPU = Debug|Any CPU
		Release|Any CPU = Release|Any CPU
	EndGlobalSection
	GlobalSection(ProjectConfigurationPlatforms) = postSolution
		{5F9AB255-DDA8-4E2A-95EB-300D28F18A9A}.Debug|Any CPU.ActiveCfg = Debug|Any CPU
		{5F9AB255-DDA8-4E2A-95EB-300D28F18A9A}.Debug|Any CPU.Build.0 = Debug|Any CPU
		{5F9AB255-DDA8-4E2A-95EB-300D28F18A9A}.Release|Any CPU.ActiveCfg = Release|Any CPU
		{5F9AB255-DDA8-4E2A-95EB-300D28F18A9A}.Release|Any CPU.Build.0 = Release|Any CPU
		{D515548C-639F-4268-87C8-B9ED1BC42EDF}.Debug|Any CPU.ActiveCfg = Debug|Any CPU
		{D515548C-639F-4268-87C8-B9ED1BC42EDF}.Debug|Any CPU.Build.0 = Debug|Any CPU
		{D515548C-639F-4268-87C8-B9ED1BC42EDF}.Release|Any CPU.ActiveCfg = Release|Any CPU
		{D515548C-639F-4268-87C8-B9ED1BC42EDF}.Release|Any CPU.Build.0 = Release|Any CPU
		{BF6E86F1-386A-417D-BD1D-B92085778094}.Debug|Any CPU.ActiveCfg = Debug|Any CPU
		{BF6E86F1-386A-417D-BD1D-B92085778094}.Debug|Any CPU.Build.0 = Debug|Any CPU
		{BF6E86F1-386A-417D-BD1D-B92085778094}.Release|Any CPU.ActiveCfg = Release|Any CPU
		{BF6E86F1-386A-417D-BD1D-B92085778094}.Release|Any CPU.Build.0 = Release|Any CPU
	EndGlobalSection
	GlobalSection(SolutionProperties) = preSolution
		HideSolutionNode = FALSE
	EndGlobalSection
	GlobalSection(ExtensibilityGlobals) = postSolution
		SolutionGuid = {287BCBBD-45BF-4B35-A590-86EC4304B7DB}
	EndGlobalSection
EndGlobal
